
Microsoft Visual Studio Solution File, Format Version 12.00
# Visual Studio Version 16
VisualStudioVersion = 16.0.33027.164
MinimumVisualStudioVersion = 10.0.40219.1
Project("{FAE04EC0-301F-11D3-BF4B-00C04F79EFBC}") = "WindowsFormsFinalProject", "WindowsFormsFinalProject\WindowsFormsFinalProject.csproj", "{2908C9EF-D4BC-4390-8447-CD777493F1CB}"
EndProject
Global
	GlobalSection(SolutionConfigurationPlatforms) = preSolution
		Debug|Any CPU = Debug|Any CPU
		Release|Any CPU = Release|Any CPU
	EndGlobalSection
	GlobalSection(ProjectConfigurationPlatforms) = postSolution
		{2908C9EF-D4BC-4390-8447-CD777493F1CB}.Debug|Any CPU.ActiveCfg = Debug|Any CPU
		{2908C9EF-D4BC-4390-8447-CD777493F1CB}.Debug|Any CPU.Build.0 = Debug|Any CPU
		{2908C9EF-D4BC-4390-8447-CD777493F1CB}.Release|Any CPU.ActiveCfg = Release|Any CPU
		{2908C9EF-D4BC-4390-8447-CD777493F1CB}.Release|Any CPU.Build.0 = Release|Any CPU
	EndGlobalSection
	GlobalSection(SolutionProperties) = preSolution
		HideSolutionNode = FALSE
	EndGlobalSection
	GlobalSection(ExtensibilityGlobals) = postSolution
		SolutionGuid = {6F60AB69-9C51-4AED-8469-B02E34E999F2}
	EndGlobalSection
EndGlobal
